
Microsoft Visual Studio Solution File, Format Version 12.00
# Visual Studio Version 17
VisualStudioVersion = 17.11.35222.181
MinimumVisualStudioVersion = 10.0.40219.1
Project("{8BC9CEB8-8B4A-11D0-8D11-00A0C91BC942}") = "pr_06_1_i", "pr_06_1_i\pr_06_1_i.vcxproj", "{1266004A-9E73-4EBD-AD2B-9204468DAC4C}"
EndProject
Project("{8BC9CEB8-8B4A-11D0-8D11-00A0C91BC942}") = "UnitTest_06_1_it", "UnitTest_06_1_it\UnitTest_06_1_it.vcxproj", "{A7C95756-124A-4A9A-9DBF-5B9E720C0440}"
EndProject
Global
	GlobalSection(SolutionConfigurationPlatforms) = preSolution
		Debug|x64 = Debug|x64
		Debug|x86 = Debug|x86
		Release|x64 = Release|x64
		Release|x86 = Release|x86
	EndGlobalSection
	GlobalSection(ProjectConfigurationPlatforms) = postSolution
		{1266004A-9E73-4EBD-AD2B-9204468DAC4C}.Debug|x64.ActiveCfg = Debug|x64
		{1266004A-9E73-4EBD-AD2B-9204468DAC4C}.Debug|x64.Build.0 = Debug|x64
		{1266004A-9E73-4EBD-AD2B-9204468DAC4C}.Debug|x86.ActiveCfg = Debug|Win32
		{1266004A-9E73-4EBD-AD2B-9204468DAC4C}.Debug|x86.Build.0 = Debug|Win32
		{1266004A-9E73-4EBD-AD2B-9204468DAC4C}.Release|x64.ActiveCfg = Release|x64
		{1266004A-9E73-4EBD-AD2B-9204468DAC4C}.Release|x64.Build.0 = Release|x64
		{1266004A-9E73-4EBD-AD2B-9204468DAC4C}.Release|x86.ActiveCfg = Release|Win32
		{1266004A-9E73-4EBD-AD2B-9204468DAC4C}.Release|x86.Build.0 = Release|Win32
		{A7C95756-124A-4A9A-9DBF-5B9E720C0440}.Debug|x64.ActiveCfg = Debug|x64
		{A7C95756-124A-4A9A-9DBF-5B9E720C0440}.Debug|x64.Build.0 = Debug|x64
		{A7C95756-124A-4A9A-9DBF-5B9E720C0440}.Debug|x86.ActiveCfg = Debug|Win32
		{A7C95756-124A-4A9A-9DBF-5B9E720C0440}.Debug|x86.Build.0 = Debug|Win32
		{A7C95756-124A-4A9A-9DBF-5B9E720C0440}.Release|x64.ActiveCfg = Release|x64
		{A7C95756-124A-4A9A-9DBF-5B9E720C0440}.Release|x64.Build.0 = Release|x64
		{A7C95756-124A-4A9A-9DBF-5B9E720C0440}.Release|x86.ActiveCfg = Release|Win32
		{A7C95756-124A-4A9A-9DBF-5B9E720C0440}.Release|x86.Build.0 = Release|Win32
	EndGlobalSection
	GlobalSection(SolutionProperties) = preSolution
		HideSolutionNode = FALSE
	EndGlobalSection
	GlobalSection(ExtensibilityGlobals) = postSolution
		SolutionGuid = {657DCAAB-9C5E-4CB5-9A87-DBCD3D9D4DED}
	EndGlobalSection
EndGlobal
